
Microsoft Visual Studio Solution File, Format Version 12.00
# Visual Studio Version 17
VisualStudioVersion = 17.9.34728.123
MinimumVisualStudioVersion = 10.0.40219.1
Project("{FAE04EC0-301F-11D3-BF4B-00C04F79EFBC}") = "Week2ChallengeLabs2", "Week2ChallengeLabs2.csproj", "{015C8C56-C82D-472D-B7AD-0B12458E1343}"
EndProject
Global
	GlobalSection(SolutionConfigurationPlatforms) = preSolution
		Debug|Any CPU = Debug|Any CPU
		Release|Any CPU = Release|Any CPU
	EndGlobalSection
	GlobalSection(ProjectConfigurationPlatforms) = postSolution
		{015C8C56-C82D-472D-B7AD-0B12458E1343}.Debug|Any CPU.ActiveCfg = Debug|Any CPU
		{015C8C56-C82D-472D-B7AD-0B12458E1343}.Debug|Any CPU.Build.0 = Debug|Any CPU
		{015C8C56-C82D-472D-B7AD-0B12458E1343}.Release|Any CPU.ActiveCfg = Release|Any CPU
		{015C8C56-C82D-472D-B7AD-0B12458E1343}.Release|Any CPU.Build.0 = Release|Any CPU
	EndGlobalSection
	GlobalSection(SolutionProperties) = preSolution
		HideSolutionNode = FALSE
	EndGlobalSection
	GlobalSection(ExtensibilityGlobals) = postSolution
		SolutionGuid = {0D694D8B-882A-4935-9CD3-2FB9896746C6}
	EndGlobalSection
EndGlobal
